
Microsoft Visual Studio Solution File, Format Version 12.00
# Visual Studio Version 16
VisualStudioVersion = 16.0.30523.141
MinimumVisualStudioVersion = 10.0.40219.1
Project("{2150E333-8FDC-42A3-9474-1A3956D46DE8}") = "src", "src", "{A559617A-56F4-4EBA-BD3D-A6E069E5F263}"
EndProject
Project("{2150E333-8FDC-42A3-9474-1A3956D46DE8}") = "Catalog", "Catalog", "{2DE7D6C7-55A7-4947-B316-3BFAAAFE9428}"
EndProject
Project("{9A19103F-16F7-4668-BE54-9A1E7A4F7556}") = "Catalog.Api", "Catalog.Api\Catalog.Api.csproj", "{F775696F-F345-45D9-BE40-32173EB4D995}"
EndProject
Project("{E53339B2-1760-4266-BCC7-CA923CBCF16C}") = "docker-compose", "docker-compose.dcproj", "{7317F28F-EF1C-4597-A1C8-83FAF4B95A05}"
EndProject
Project("{2150E333-8FDC-42A3-9474-1A3956D46DE8}") = "Basket", "Basket", "{C6D633D7-4DA6-4FFC-BFB7-16C2E0F76E49}"
EndProject
Project("{9A19103F-16F7-4668-BE54-9A1E7A4F7556}") = "Basket.Api", "Basket.Api\Basket.Api.csproj", "{3636E6D4-DC9D-4E91-B151-4AB5A63D6A68}"
EndProject
Project("{2150E333-8FDC-42A3-9474-1A3956D46DE8}") = "Common", "Common", "{192E3BC5-E6AC-43D5-8FFA-4A0135630BDE}"
EndProject
Project("{9A19103F-16F7-4668-BE54-9A1E7A4F7556}") = "EventBusRabbitMQ", "EventBusRabbitMQ\EventBusRabbitMQ.csproj", "{CD32E1E5-D98A-40F6-A32E-167748D3771F}"
EndProject
Project("{2150E333-8FDC-42A3-9474-1A3956D46DE8}") = "Ordering", "Ordering", "{DC54D1CC-B473-4527-B2F9-8D8CA8F00E29}"
EndProject
Project("{9A19103F-16F7-4668-BE54-9A1E7A4F7556}") = "Ordering.Api", "Ordering.Api\Ordering.Api.csproj", "{8BCC71EC-99F3-4968-9010-3DC1E6A42D84}"
EndProject
Project("{FAE04EC0-301F-11D3-BF4B-00C04F79EFBC}") = "Ordering.Core", "..\Ordering.Core\Ordering.Core.csproj", "{7BBF741A-A54C-4C88-AB83-0971245084D7}"
EndProject
Project("{FAE04EC0-301F-11D3-BF4B-00C04F79EFBC}") = "Ordering.Infrastructure", "..\Ordering.Infrastructure\Ordering.Infrastructure.csproj", "{2F06F093-ABED-4FED-872E-C4727C585574}"
EndProject
Project("{FAE04EC0-301F-11D3-BF4B-00C04F79EFBC}") = "Ordering.Application", "..\Ordering.Application\Ordering.Application.csproj", "{E41AA04A-AD30-4E22-B127-EF25FF578814}"
EndProject
Global
	GlobalSection(SolutionConfigurationPlatforms) = preSolution
		Debug|Any CPU = Debug|Any CPU
		Release|Any CPU = Release|Any CPU
	EndGlobalSection
	GlobalSection(ProjectConfigurationPlatforms) = postSolution
		{F775696F-F345-45D9-BE40-32173EB4D995}.Debug|Any CPU.ActiveCfg = Debug|Any CPU
		{F775696F-F345-45D9-BE40-32173EB4D995}.Debug|Any CPU.Build.0 = Debug|Any CPU
		{F775696F-F345-45D9-BE40-32173EB4D995}.Release|Any CPU.ActiveCfg = Release|Any CPU
		{F775696F-F345-45D9-BE40-32173EB4D995}.Release|Any CPU.Build.0 = Release|Any CPU
		{7317F28F-EF1C-4597-A1C8-83FAF4B95A05}.Debug|Any CPU.ActiveCfg = Debug|Any CPU
		{7317F28F-EF1C-4597-A1C8-83FAF4B95A05}.Debug|Any CPU.Build.0 = Debug|Any CPU
		{7317F28F-EF1C-4597-A1C8-83FAF4B95A05}.Release|Any CPU.ActiveCfg = Release|Any CPU
		{7317F28F-EF1C-4597-A1C8-83FAF4B95A05}.Release|Any CPU.Build.0 = Release|Any CPU
		{3636E6D4-DC9D-4E91-B151-4AB5A63D6A68}.Debug|Any CPU.ActiveCfg = Debug|Any CPU
		{3636E6D4-DC9D-4E91-B151-4AB5A63D6A68}.Debug|Any CPU.Build.0 = Debug|Any CPU
		{3636E6D4-DC9D-4E91-B151-4AB5A63D6A68}.Release|Any CPU.ActiveCfg = Release|Any CPU
		{3636E6D4-DC9D-4E91-B151-4AB5A63D6A68}.Release|Any CPU.Build.0 = Release|Any CPU
		{CD32E1E5-D98A-40F6-A32E-167748D3771F}.Debug|Any CPU.ActiveCfg = Debug|Any CPU
		{CD32E1E5-D98A-40F6-A32E-167748D3771F}.Debug|Any CPU.Build.0 = Debug|Any CPU
		{CD32E1E5-D98A-40F6-A32E-167748D3771F}.Release|Any CPU.ActiveCfg = Release|Any CPU
		{CD32E1E5-D98A-40F6-A32E-167748D3771F}.Release|Any CPU.Build.0 = Release|Any CPU
		{8BCC71EC-99F3-4968-9010-3DC1E6A42D84}.Debug|Any CPU.ActiveCfg = Debug|Any CPU
		{8BCC71EC-99F3-4968-9010-3DC1E6A42D84}.Debug|Any CPU.Build.0 = Debug|Any CPU
		{8BCC71EC-99F3-4968-9010-3DC1E6A42D84}.Release|Any CPU.ActiveCfg = Release|Any CPU
		{8BCC71EC-99F3-4968-9010-3DC1E6A42D84}.Release|Any CPU.Build.0 = Release|Any CPU
		{7BBF741A-A54C-4C88-AB83-0971245084D7}.Debug|Any CPU.ActiveCfg = Debug|Any CPU
		{7BBF741A-A54C-4C88-AB83-0971245084D7}.Debug|Any CPU.Build.0 = Debug|Any CPU
		{7BBF741A-A54C-4C88-AB83-0971245084D7}.Release|Any CPU.ActiveCfg = Release|Any CPU
		{7BBF741A-A54C-4C88-AB83-0971245084D7}.Release|Any CPU.Build.0 = Release|Any CPU
		{2F06F093-ABED-4FED-872E-C4727C585574}.Debug|Any CPU.ActiveCfg = Debug|Any CPU
		{2F06F093-ABED-4FED-872E-C4727C585574}.Debug|Any CPU.Build.0 = Debug|Any CPU
		{2F06F093-ABED-4FED-872E-C4727C585574}.Release|Any CPU.ActiveCfg = Release|Any CPU
		{2F06F093-ABED-4FED-872E-C4727C585574}.Release|Any CPU.Build.0 = Release|Any CPU
		{E41AA04A-AD30-4E22-B127-EF25FF578814}.Debug|Any CPU.ActiveCfg = Debug|Any CPU
		{E41AA04A-AD30-4E22-B127-EF25FF578814}.Debug|Any CPU.Build.0 = Debug|Any CPU
		{E41AA04A-AD30-4E22-B127-EF25FF578814}.Release|Any CPU.ActiveCfg = Release|Any CPU
		{E41AA04A-AD30-4E22-B127-EF25FF578814}.Release|Any CPU.Build.0 = Release|Any CPU
	EndGlobalSection
	GlobalSection(SolutionProperties) = preSolution
		HideSolutionNode = FALSE
	EndGlobalSection
	GlobalSection(NestedProjects) = preSolution
		{2DE7D6C7-55A7-4947-B316-3BFAAAFE9428} = {A559617A-56F4-4EBA-BD3D-A6E069E5F263}
		{F775696F-F345-45D9-BE40-32173EB4D995} = {2DE7D6C7-55A7-4947-B316-3BFAAAFE9428}
		{C6D633D7-4DA6-4FFC-BFB7-16C2E0F76E49} = {A559617A-56F4-4EBA-BD3D-A6E069E5F263}
		{3636E6D4-DC9D-4E91-B151-4AB5A63D6A68} = {C6D633D7-4DA6-4FFC-BFB7-16C2E0F76E49}
		{192E3BC5-E6AC-43D5-8FFA-4A0135630BDE} = {A559617A-56F4-4EBA-BD3D-A6E069E5F263}
		{CD32E1E5-D98A-40F6-A32E-167748D3771F} = {192E3BC5-E6AC-43D5-8FFA-4A0135630BDE}
		{DC54D1CC-B473-4527-B2F9-8D8CA8F00E29} = {A559617A-56F4-4EBA-BD3D-A6E069E5F263}
		{8BCC71EC-99F3-4968-9010-3DC1E6A42D84} = {DC54D1CC-B473-4527-B2F9-8D8CA8F00E29}
		{7BBF741A-A54C-4C88-AB83-0971245084D7} = {DC54D1CC-B473-4527-B2F9-8D8CA8F00E29}
		{2F06F093-ABED-4FED-872E-C4727C585574} = {DC54D1CC-B473-4527-B2F9-8D8CA8F00E29}
		{E41AA04A-AD30-4E22-B127-EF25FF578814} = {DC54D1CC-B473-4527-B2F9-8D8CA8F00E29}
	EndGlobalSection
	GlobalSection(ExtensibilityGlobals) = postSolution
		SolutionGuid = {F755AD69-630A-4943-B5CD-4CC1A6D7641D}
	EndGlobalSection
EndGlobal
